
Microsoft Visual Studio Solution File, Format Version 12.00
# Visual Studio Version 17
VisualStudioVersion = 17.0.31903.59
MinimumVisualStudioVersion = 10.0.40219.1
Project("{FAE04EC0-301F-11D3-BF4B-00C04F79EFBC}") = "SslCertificat", "SslCertificat\SslCertificat.csproj", "{C6E04FED-3361-4538-921A-DCEC742DDCAC}"
EndProject
Global
	GlobalSection(SolutionConfigurationPlatforms) = preSolution
		Debug|Any CPU = Debug|Any CPU
		Release|Any CPU = Release|Any CPU
	EndGlobalSection
	GlobalSection(ProjectConfigurationPlatforms) = postSolution
		{C6E04FED-3361-4538-921A-DCEC742DDCAC}.Debug|Any CPU.ActiveCfg = Debug|Any CPU
		{C6E04FED-3361-4538-921A-DCEC742DDCAC}.Debug|Any CPU.Build.0 = Debug|Any CPU
		{C6E04FED-3361-4538-921A-DCEC742DDCAC}.Release|Any CPU.ActiveCfg = Release|Any CPU
		{C6E04FED-3361-4538-921A-DCEC742DDCAC}.Release|Any CPU.Build.0 = Release|Any CPU
	EndGlobalSection
	GlobalSection(SolutionProperties) = preSolution
		HideSolutionNode = FALSE
	EndGlobalSection
	GlobalSection(ExtensibilityGlobals) = postSolution
		SolutionGuid = {8B33ADE9-F64D-485C-9F72-9CA3F0A63260}
	EndGlobalSection
EndGlobal
